
Microsoft Visual Studio Solution File, Format Version 12.00
# Visual Studio Version 16
VisualStudioVersion = 16.0.808.2
MinimumVisualStudioVersion = 10.0.40219.1
Project("{FAE04EC0-301F-11D3-BF4B-00C04F79EFBC}") = "Ödev", "Ödev\Ödev.csproj", "{B5BB4D0F-1247-45C4-A2E7-6C51C14E0DC6}"
EndProject
Project("{FAE04EC0-301F-11D3-BF4B-00C04F79EFBC}") = "Ödev.Tests", "Ödev.Tests\Ödev.Tests.csproj", "{8405225C-E977-44A6-9200-2F9AA9C750DC}"
EndProject
Global
	GlobalSection(SolutionConfigurationPlatforms) = preSolution
		Debug|Any CPU = Debug|Any CPU
		Release|Any CPU = Release|Any CPU
	EndGlobalSection
	GlobalSection(ProjectConfigurationPlatforms) = postSolution
		{B5BB4D0F-1247-45C4-A2E7-6C51C14E0DC6}.Debug|Any CPU.ActiveCfg = Debug|Any CPU
		{B5BB4D0F-1247-45C4-A2E7-6C51C14E0DC6}.Debug|Any CPU.Build.0 = Debug|Any CPU
		{B5BB4D0F-1247-45C4-A2E7-6C51C14E0DC6}.Release|Any CPU.ActiveCfg = Release|Any CPU
		{B5BB4D0F-1247-45C4-A2E7-6C51C14E0DC6}.Release|Any CPU.Build.0 = Release|Any CPU
		{8405225C-E977-44A6-9200-2F9AA9C750DC}.Debug|Any CPU.ActiveCfg = Debug|Any CPU
		{8405225C-E977-44A6-9200-2F9AA9C750DC}.Debug|Any CPU.Build.0 = Debug|Any CPU
		{8405225C-E977-44A6-9200-2F9AA9C750DC}.Release|Any CPU.ActiveCfg = Release|Any CPU
		{8405225C-E977-44A6-9200-2F9AA9C750DC}.Release|Any CPU.Build.0 = Release|Any CPU
	EndGlobalSection
	GlobalSection(SolutionProperties) = preSolution
		HideSolutionNode = FALSE
	EndGlobalSection
	GlobalSection(ExtensibilityGlobals) = postSolution
		SolutionGuid = {CBBFE93A-6D02-4D61-9D44-C51F64957FA4}
	EndGlobalSection
EndGlobal
